PODS:
  - Alamofire (4.6.0)
  - Geth (1.8.1)
  - KeychainSwift (10.0.0)
  - Moya (11.0.1):
    - Moya/Core (= 11.0.1)
  - Moya/Core (11.0.1):
    - Alamofire (~> 4.1)
    - Result (~> 3.0)
  - Repeat (0.3.0)
  - Result (3.2.4)

DEPENDENCIES:
  - Geth
  - KeychainSwift
  - Moya
  - Repeat

SPEC CHECKSUMS:
  Alamofire: f41a599bd63041760b26d393ec1069d9d7b917f4
  Geth: b39574e8d037c7752f73f3e5320855581e1cf75a
  KeychainSwift: f9f7910449a0c0fd2cabc889121530dd2c477c33
  Moya: 3d594ada51a21cc02b18739ab578a1984f900c8a
  Repeat: 6f67f2568d49ea96248dc6f3d20700031c318d8f
  Result: d2d07204ce72856f1fd9130bbe42c35a7b0fea10

PODFILE CHECKSUM: b8c525d8e10028d762613d05fd19b4f2dee6d213

COCOAPODS: 1.4.0
